
Microsoft Visual Studio Solution File, Format Version 12.00
# Visual Studio Version 17
VisualStudioVersion = 17.11.35222.181
MinimumVisualStudioVersion = 10.0.40219.1
Project("{9A19103F-16F7-4668-BE54-9A1E7A4F7556}") = "Tyuiu.KukarskiySA.Sprint1", "Tyuiu.KukarskiySA.Sprint1\Tyuiu.KukarskiySA.Sprint1.csproj", "{3BAF94E5-784D-4B7A-8E42-34A81AEC4970}"
EndProject
Project("{2150E333-8FDC-42A3-9474-1A3956D46DE8}") = "Task0", "Task0", "{4E4746CD-3E51-43E3-8A7C-3BDE91201F0D}"
EndProject
Project("{9A19103F-16F7-4668-BE54-9A1E7A4F7556}") = "Tyuiu.KukarskiySA.Sprint1.Task0.V9", "Tyuiu.KukarskiySA.Sprint1.Task0.V9\Tyuiu.KukarskiySA.Sprint1.Task0.V9.csproj", "{96669629-98D1-4155-BA16-35C5682F498B}"
EndProject
Project("{9A19103F-16F7-4668-BE54-9A1E7A4F7556}") = "Tyuiu.KukarskiySA.Sprint1.Task0.V9.Lib", "Tyuiu.KukarskiySA.Sprint1.Task0.V9.Lib\Tyuiu.KukarskiySA.Sprint1.Task0.V9.Lib.csproj", "{A7C89CD8-6D6F-49BD-BFCC-17A5B13D17ED}"
EndProject
Project("{9A19103F-16F7-4668-BE54-9A1E7A4F7556}") = "Tyuiu.KukarskiySA.Sprint1.Task0.V9.Test", "Tyuiu.KukarskiySA.Sprint1.Task0.V9.Test\Tyuiu.KukarskiySA.Sprint1.Task0.V9.Test.csproj", "{A4FD0BAE-2A6F-495F-9E3A-A3B5917201A8}"
EndProject
Project("{2150E333-8FDC-42A3-9474-1A3956D46DE8}") = "Task1", "Task1", "{5685C8FF-C29C-434E-B0C3-07BF932D858F}"
EndProject
Project("{9A19103F-16F7-4668-BE54-9A1E7A4F7556}") = "Tyuiu.KukarskiySA.Sprint1.Task1.V11", "Tyuiu.KukarskiySA.Sprint1.Task1.V11\Tyuiu.KukarskiySA.Sprint1.Task1.V11.csproj", "{5EF10C95-D677-44A2-98F3-3797C2427F66}"
EndProject
Project("{9A19103F-16F7-4668-BE54-9A1E7A4F7556}") = "Tyuiu.KukarskiySA.Sprint1.Task1.V11.Lib", "Tyuiu.KukarskiySA.Sprint1.Task1.V11.Lib\Tyuiu.KukarskiySA.Sprint1.Task1.V11.Lib.csproj", "{10A611C4-24C2-4ABB-9D1F-5AC9E54F5187}"
EndProject
Project("{9A19103F-16F7-4668-BE54-9A1E7A4F7556}") = "Tyuiu.KukarskiySA.Sprint1.Task1.V11.Test", "Tyuiu.KukarskiySA.Sprint1.Task1.V11.Test\Tyuiu.KukarskiySA.Sprint1.Task1.V11.Test.csproj", "{0BF3976B-3581-4383-B457-B708E8DE8B72}"
EndProject
Project("{2150E333-8FDC-42A3-9474-1A3956D46DE8}") = "Task2", "Task2", "{5AC3286C-5718-4DA3-9252-255FA2ADC4F2}"
EndProject
Project("{9A19103F-16F7-4668-BE54-9A1E7A4F7556}") = "Tyuiu.KukarskiySA.Sprint1.Task2.V28", "Tyuiu.KukarskiySA.Sprint1.Task2.V28\Tyuiu.KukarskiySA.Sprint1.Task2.V28.csproj", "{A148BD4A-B368-46C1-9830-1A54A257B051}"
EndProject
Project("{9A19103F-16F7-4668-BE54-9A1E7A4F7556}") = "Tyuiu.KukarskiySA.Sprint1.Task2.V28.Lib", "Tyuiu.KukarskiySA.Sprint1.Task2.V28.Lib\Tyuiu.KukarskiySA.Sprint1.Task2.V28.Lib.csproj", "{994CD1DB-6C43-4CCE-99D4-1D26BDB7B16D}"
EndProject
Project("{9A19103F-16F7-4668-BE54-9A1E7A4F7556}") = "Tyuiu.KukarskiySA.Sprint1.Task2.V28.Test", "Tyuiu.KukarskiySA.Sprint1.Task2.V28.Test\Tyuiu.KukarskiySA.Sprint1.Task2.V28.Test.csproj", "{D1000090-A998-4F49-8482-674FEDDF6ABA}"
EndProject
Project("{2150E333-8FDC-42A3-9474-1A3956D46DE8}") = "Task3", "Task3", "{04C8F0FD-1C96-4E30-98F7-75BBC93F7118}"
EndProject
Project("{9A19103F-16F7-4668-BE54-9A1E7A4F7556}") = "Tyuiu.KukarskiySA.Sprint1.Task3.V12", "Tyuiu.KukarskiySA.Sprint1.Task3.V12\Tyuiu.KukarskiySA.Sprint1.Task3.V12.csproj", "{0B9486FB-CE45-44FE-93B1-40C1BCCF03E9}"
EndProject
Project("{9A19103F-16F7-4668-BE54-9A1E7A4F7556}") = "Tyuiu.KukarskiySA.Sprint1.Task3.V12.Lib", "Tyuiu.KukarskiySA.Sprint1.Task3.V12.Lib\Tyuiu.KukarskiySA.Sprint1.Task3.V12.Lib.csproj", "{5C80DC70-9E5E-4028-B300-2792E0432E22}"
EndProject
Project("{9A19103F-16F7-4668-BE54-9A1E7A4F7556}") = "Tyuiu.KukarskiySA.Sprint1.Task3.V12.Test", "Tyuiu.KukarskiySA.Sprint1.Task3.V12.Test\Tyuiu.KukarskiySA.Sprint1.Task3.V12.Test.csproj", "{0808EF9D-E622-4B0F-969F-7D44E4FF9895}"
EndProject
Project("{2150E333-8FDC-42A3-9474-1A3956D46DE8}") = "Task4", "Task4", "{5969FA95-72EC-40B7-A2C6-6D12DD3DBACA}"
EndProject
Project("{FAE04EC0-301F-11D3-BF4B-00C04F79EFBC}") = "Tyuiu.KukarskiySA.Sprint1.Task4.V18", "Tyuiu.KukarskiySA.Sprint1.Task4.V18\Tyuiu.KukarskiySA.Sprint1.Task4.V18.csproj", "{8E4D1B9E-4D35-4532-BD91-2DD9502DC53E}"
EndProject
Project("{FAE04EC0-301F-11D3-BF4B-00C04F79EFBC}") = "Tyuiu.KukarskiySA.Sprint1.Task4.V18.Lib", "Tyuiu.KukarskiySA.Sprint1.Task4.V18.Lib\Tyuiu.KukarskiySA.Sprint1.Task4.V18.Lib.csproj", "{8583D864-2BCC-4945-A930-8701A5DFA58E}"
EndProject
Project("{FAE04EC0-301F-11D3-BF4B-00C04F79EFBC}") = "Tyuiu.KukarskiySA.Sprint1.Task4.V18.Test", "Tyuiu.KukarskiySA.Sprint1.Task4.V18.Test\Tyuiu.KukarskiySA.Sprint1.Task4.V18.Test.csproj", "{5982C040-214A-4063-8B06-886B101CCA73}"
EndProject
Project("{2150E333-8FDC-42A3-9474-1A3956D46DE8}") = "Task5", "Task5", "{541A2FCB-C84E-4429-B898-E0CE3197B402}"
EndProject
Project("{FAE04EC0-301F-11D3-BF4B-00C04F79EFBC}") = "Tyuiu.KukarskiySA.Sprint1.Task5.V5", "Tyuiu.KukarskiySA.Sprint1.Task5.V5\Tyuiu.KukarskiySA.Sprint1.Task5.V5.csproj", "{E48579A1-6417-4BE8-855F-CBD8A68FAB18}"
EndProject
Project("{FAE04EC0-301F-11D3-BF4B-00C04F79EFBC}") = "Tyuiu.KukarskiySA.Sprint1.Task5.V5.Lib", "Tyuiu.KukarskiySA.Sprint1.Task5.V5.Lib\Tyuiu.KukarskiySA.Sprint1.Task5.V5.Lib.csproj", "{8D229CA5-3EBE-468D-8C84-0ED83F45BC83}"
EndProject
Project("{FAE04EC0-301F-11D3-BF4B-00C04F79EFBC}") = "Tyuiu.KukarskiySA.Sprint1.Task5.V5.Test", "Tyuiu.KukarskiySA.Sprint1.Task5.V5.Test\Tyuiu.KukarskiySA.Sprint1.Task5.V5.Test.csproj", "{7A0C93F3-B1D1-4DF1-A843-A31DA5ED8BDF}"
EndProject
Global
	GlobalSection(SolutionConfigurationPlatforms) = preSolution
		Debug|Any CPU = Debug|Any CPU
		Release|Any CPU = Release|Any CPU
	EndGlobalSection
	GlobalSection(ProjectConfigurationPlatforms) = postSolution
		{3BAF94E5-784D-4B7A-8E42-34A81AEC4970}.Debug|Any CPU.ActiveCfg = Debug|Any CPU
		{3BAF94E5-784D-4B7A-8E42-34A81AEC4970}.Debug|Any CPU.Build.0 = Debug|Any CPU
		{3BAF94E5-784D-4B7A-8E42-34A81AEC4970}.Release|Any CPU.ActiveCfg = Release|Any CPU
		{3BAF94E5-784D-4B7A-8E42-34A81AEC4970}.Release|Any CPU.Build.0 = Release|Any CPU
		{96669629-98D1-4155-BA16-35C5682F498B}.Debug|Any CPU.ActiveCfg = Debug|Any CPU
		{96669629-98D1-4155-BA16-35C5682F498B}.Debug|Any CPU.Build.0 = Debug|Any CPU
		{96669629-98D1-4155-BA16-35C5682F498B}.Release|Any CPU.ActiveCfg = Release|Any CPU
		{96669629-98D1-4155-BA16-35C5682F498B}.Release|Any CPU.Build.0 = Release|Any CPU
		{A7C89CD8-6D6F-49BD-BFCC-17A5B13D17ED}.Debug|Any CPU.ActiveCfg = Debug|Any CPU
		{A7C89CD8-6D6F-49BD-BFCC-17A5B13D17ED}.Debug|Any CPU.Build.0 = Debug|Any CPU
		{A7C89CD8-6D6F-49BD-BFCC-17A5B13D17ED}.Release|Any CPU.ActiveCfg = Release|Any CPU
		{A7C89CD8-6D6F-49BD-BFCC-17A5B13D17ED}.Release|Any CPU.Build.0 = Release|Any CPU
		{A4FD0BAE-2A6F-495F-9E3A-A3B5917201A8}.Debug|Any CPU.ActiveCfg = Debug|Any CPU
		{A4FD0BAE-2A6F-495F-9E3A-A3B5917201A8}.Debug|Any CPU.Build.0 = Debug|Any CPU
		{A4FD0BAE-2A6F-495F-9E3A-A3B5917201A8}.Release|Any CPU.ActiveCfg = Release|Any CPU
		{A4FD0BAE-2A6F-495F-9E3A-A3B5917201A8}.Release|Any CPU.Build.0 = Release|Any CPU
		{5EF10C95-D677-44A2-98F3-3797C2427F66}.Debug|Any CPU.ActiveCfg = Debug|Any CPU
		{5EF10C95-D677-44A2-98F3-3797C2427F66}.Debug|Any CPU.Build.0 = Debug|Any CPU
		{5EF10C95-D677-44A2-98F3-3797C2427F66}.Release|Any CPU.ActiveCfg = Release|Any CPU
		{5EF10C95-D677-44A2-98F3-3797C2427F66}.Release|Any CPU.Build.0 = Release|Any CPU
		{10A611C4-24C2-4ABB-9D1F-5AC9E54F5187}.Debug|Any CPU.ActiveCfg = Debug|Any CPU
		{10A611C4-24C2-4ABB-9D1F-5AC9E54F5187}.Debug|Any CPU.Build.0 = Debug|Any CPU
		{10A611C4-24C2-4ABB-9D1F-5AC9E54F5187}.Release|Any CPU.ActiveCfg = Release|Any CPU
		{10A611C4-24C2-4ABB-9D1F-5AC9E54F5187}.Release|Any CPU.Build.0 = Release|Any CPU
		{0BF3976B-3581-4383-B457-B708E8DE8B72}.Debug|Any CPU.ActiveCfg = Debug|Any CPU
		{0BF3976B-3581-4383-B457-B708E8DE8B72}.Debug|Any CPU.Build.0 = Debug|Any CPU
		{0BF3976B-3581-4383-B457-B708E8DE8B72}.Release|Any CPU.ActiveCfg = Release|Any CPU
		{0BF3976B-3581-4383-B457-B708E8DE8B72}.Release|Any CPU.Build.0 = Release|Any CPU
		{A148BD4A-B368-46C1-9830-1A54A257B051}.Debug|Any CPU.ActiveCfg = Debug|Any CPU
		{A148BD4A-B368-46C1-9830-1A54A257B051}.Debug|Any CPU.Build.0 = Debug|Any CPU
		{A148BD4A-B368-46C1-9830-1A54A257B051}.Release|Any CPU.ActiveCfg = Release|Any CPU
		{A148BD4A-B368-46C1-9830-1A54A257B051}.Release|Any CPU.Build.0 = Release|Any CPU
		{994CD1DB-6C43-4CCE-99D4-1D26BDB7B16D}.Debug|Any CPU.ActiveCfg = Debug|Any CPU
		{994CD1DB-6C43-4CCE-99D4-1D26BDB7B16D}.Debug|Any CPU.Build.0 = Debug|Any CPU
		{994CD1DB-6C43-4CCE-99D4-1D26BDB7B16D}.Release|Any CPU.ActiveCfg = Release|Any CPU
		{994CD1DB-6C43-4CCE-99D4-1D26BDB7B16D}.Release|Any CPU.Build.0 = Release|Any CPU
		{D1000090-A998-4F49-8482-674FEDDF6ABA}.Debug|Any CPU.ActiveCfg = Debug|Any CPU
		{D1000090-A998-4F49-8482-674FEDDF6ABA}.Debug|Any CPU.Build.0 = Debug|Any CPU
		{D1000090-A998-4F49-8482-674FEDDF6ABA}.Release|Any CPU.ActiveCfg = Release|Any CPU
		{D1000090-A998-4F49-8482-674FEDDF6ABA}.Release|Any CPU.Build.0 = Release|Any CPU
		{0B9486FB-CE45-44FE-93B1-40C1BCCF03E9}.Debug|Any CPU.ActiveCfg = Debug|Any CPU
		{0B9486FB-CE45-44FE-93B1-40C1BCCF03E9}.Debug|Any CPU.Build.0 = Debug|Any CPU
		{0B9486FB-CE45-44FE-93B1-40C1BCCF03E9}.Release|Any CPU.ActiveCfg = Release|Any CPU
		{0B9486FB-CE45-44FE-93B1-40C1BCCF03E9}.Release|Any CPU.Build.0 = Release|Any CPU
		{5C80DC70-9E5E-4028-B300-2792E0432E22}.Debug|Any CPU.ActiveCfg = Debug|Any CPU
		{5C80DC70-9E5E-4028-B300-2792E0432E22}.Debug|Any CPU.Build.0 = Debug|Any CPU
		{5C80DC70-9E5E-4028-B300-2792E0432E22}.Release|Any CPU.ActiveCfg = Release|Any CPU
		{5C80DC70-9E5E-4028-B300-2792E0432E22}.Release|Any CPU.Build.0 = Release|Any CPU
		{0808EF9D-E622-4B0F-969F-7D44E4FF9895}.Debug|Any CPU.ActiveCfg = Debug|Any CPU
		{0808EF9D-E622-4B0F-969F-7D44E4FF9895}.Debug|Any CPU.Build.0 = Debug|Any CPU
		{0808EF9D-E622-4B0F-969F-7D44E4FF9895}.Release|Any CPU.ActiveCfg = Release|Any CPU
		{0808EF9D-E622-4B0F-969F-7D44E4FF9895}.Release|Any CPU.Build.0 = Release|Any CPU
		{8E4D1B9E-4D35-4532-BD91-2DD9502DC53E}.Debug|Any CPU.ActiveCfg = Debug|Any CPU
		{8E4D1B9E-4D35-4532-BD91-2DD9502DC53E}.Debug|Any CPU.Build.0 = Debug|Any CPU
		{8E4D1B9E-4D35-4532-BD91-2DD9502DC53E}.Release|Any CPU.ActiveCfg = Release|Any CPU
		{8E4D1B9E-4D35-4532-BD91-2DD9502DC53E}.Release|Any CPU.Build.0 = Release|Any CPU
		{8583D864-2BCC-4945-A930-8701A5DFA58E}.Debug|Any CPU.ActiveCfg = Debug|Any CPU
		{8583D864-2BCC-4945-A930-8701A5DFA58E}.Debug|Any CPU.Build.0 = Debug|Any CPU
		{8583D864-2BCC-4945-A930-8701A5DFA58E}.Release|Any CPU.ActiveCfg = Release|Any CPU
		{8583D864-2BCC-4945-A930-8701A5DFA58E}.Release|Any CPU.Build.0 = Release|Any CPU
		{5982C040-214A-4063-8B06-886B101CCA73}.Debug|Any CPU.ActiveCfg = Debug|Any CPU
		{5982C040-214A-4063-8B06-886B101CCA73}.Debug|Any CPU.Build.0 = Debug|Any CPU
		{5982C040-214A-4063-8B06-886B101CCA73}.Release|Any CPU.ActiveCfg = Release|Any CPU
		{5982C040-214A-4063-8B06-886B101CCA73}.Release|Any CPU.Build.0 = Release|Any CPU
		{E48579A1-6417-4BE8-855F-CBD8A68FAB18}.Debug|Any CPU.ActiveCfg = Debug|Any CPU
		{E48579A1-6417-4BE8-855F-CBD8A68FAB18}.Debug|Any CPU.Build.0 = Debug|Any CPU
		{E48579A1-6417-4BE8-855F-CBD8A68FAB18}.Release|Any CPU.ActiveCfg = Release|Any CPU
		{E48579A1-6417-4BE8-855F-CBD8A68FAB18}.Release|Any CPU.Build.0 = Release|Any CPU
		{8D229CA5-3EBE-468D-8C84-0ED83F45BC83}.Debug|Any CPU.ActiveCfg = Debug|Any CPU
		{8D229CA5-3EBE-468D-8C84-0ED83F45BC83}.Debug|Any CPU.Build.0 = Debug|Any CPU
		{8D229CA5-3EBE-468D-8C84-0ED83F45BC83}.Release|Any CPU.ActiveCfg = Release|Any CPU
		{8D229CA5-3EBE-468D-8C84-0ED83F45BC83}.Release|Any CPU.Build.0 = Release|Any CPU
		{7A0C93F3-B1D1-4DF1-A843-A31DA5ED8BDF}.Debug|Any CPU.ActiveCfg = Debug|Any CPU
		{7A0C93F3-B1D1-4DF1-A843-A31DA5ED8BDF}.Debug|Any CPU.Build.0 = Debug|Any CPU
		{7A0C93F3-B1D1-4DF1-A843-A31DA5ED8BDF}.Release|Any CPU.ActiveCfg = Release|Any CPU
		{7A0C93F3-B1D1-4DF1-A843-A31DA5ED8BDF}.Release|Any CPU.Build.0 = Release|Any CPU
	EndGlobalSection
	GlobalSection(SolutionProperties) = preSolution
		HideSolutionNode = FALSE
	EndGlobalSection
	GlobalSection(NestedProjects) = preSolution
		{96669629-98D1-4155-BA16-35C5682F498B} = {4E4746CD-3E51-43E3-8A7C-3BDE91201F0D}
		{A7C89CD8-6D6F-49BD-BFCC-17A5B13D17ED} = {4E4746CD-3E51-43E3-8A7C-3BDE91201F0D}
		{A4FD0BAE-2A6F-495F-9E3A-A3B5917201A8} = {4E4746CD-3E51-43E3-8A7C-3BDE91201F0D}
		{5EF10C95-D677-44A2-98F3-3797C2427F66} = {5685C8FF-C29C-434E-B0C3-07BF932D858F}
		{10A611C4-24C2-4ABB-9D1F-5AC9E54F5187} = {5685C8FF-C29C-434E-B0C3-07BF932D858F}
		{0BF3976B-3581-4383-B457-B708E8DE8B72} = {5685C8FF-C29C-434E-B0C3-07BF932D858F}
		{A148BD4A-B368-46C1-9830-1A54A257B051} = {5AC3286C-5718-4DA3-9252-255FA2ADC4F2}
		{994CD1DB-6C43-4CCE-99D4-1D26BDB7B16D} = {5AC3286C-5718-4DA3-9252-255FA2ADC4F2}
		{D1000090-A998-4F49-8482-674FEDDF6ABA} = {5AC3286C-5718-4DA3-9252-255FA2ADC4F2}
		{0B9486FB-CE45-44FE-93B1-40C1BCCF03E9} = {04C8F0FD-1C96-4E30-98F7-75BBC93F7118}
		{5C80DC70-9E5E-4028-B300-2792E0432E22} = {04C8F0FD-1C96-4E30-98F7-75BBC93F7118}
		{0808EF9D-E622-4B0F-969F-7D44E4FF9895} = {04C8F0FD-1C96-4E30-98F7-75BBC93F7118}
		{8E4D1B9E-4D35-4532-BD91-2DD9502DC53E} = {5969FA95-72EC-40B7-A2C6-6D12DD3DBACA}
		{8583D864-2BCC-4945-A930-8701A5DFA58E} = {5969FA95-72EC-40B7-A2C6-6D12DD3DBACA}
		{5982C040-214A-4063-8B06-886B101CCA73} = {5969FA95-72EC-40B7-A2C6-6D12DD3DBACA}
		{E48579A1-6417-4BE8-855F-CBD8A68FAB18} = {541A2FCB-C84E-4429-B898-E0CE3197B402}
		{8D229CA5-3EBE-468D-8C84-0ED83F45BC83} = {541A2FCB-C84E-4429-B898-E0CE3197B402}
		{7A0C93F3-B1D1-4DF1-A843-A31DA5ED8BDF} = {541A2FCB-C84E-4429-B898-E0CE3197B402}
	EndGlobalSection
	GlobalSection(ExtensibilityGlobals) = postSolution
		SolutionGuid = {36A3B7CD-7E49-4842-888E-117EA39F33C6}
	EndGlobalSection
EndGlobal
